{
  "name": "51Music",
  "lockfileVersion": 3,
  "requires": true,
  "packages": {
    "": {
      "dependencies": {
        "r": "^0.0.5"
      }
    },
    "node_modules/r": {
      "version": "0.0.5",
      "resolved": "https://registry.npmjs.org/r/-/r-0.0.5.tgz",
      "integrity": "sha512-rO+FXCKIUiLEVCP4HjIEkq8V5gRHc1N15/2K97GSOE/P5evYj6uOOgvHlINCwMHnEmHouBdeR6PBDzZDqmEH2A==",
      "engines": {
        "node": "*"
      }
    }
  }
}
